set_global_assignment -name FAMILY "Cyclone IV E"
set_global_assignment -name DEVICE EP4CE10E22C8
set_global_assignment -name TOP_LEVEL_ENTITY fpga_top
set_global_assignment -name VERILOG_INPUT_VERSION SYSTEMVERILOG_2005
set_global_assignment -name PROJECT_OUTPUT_DIRECTORY output_files
set_global_assignment -name NUM_PARALLEL_PROCESSORS 2
set_global_assignment -name SYSTEMVERILOG_FILE ../../rtl/jpeg_pkg.sv
set_global_assignment -name SYSTEMVERILOG_FILE ../../rtl/jpeg_sdp_ram.sv
set_global_assignment -name SYSTEMVERILOG_FILE ../../rtl/jpeg_blockram.sv
set_global_assignment -name SYSTEMVERILOG_FILE ../../rtl/jpeg_parser.sv
set_global_assignment -name SYSTEMVERILOG_FILE ../../rtl/jpeg_bitreader.sv
set_global_assignment -name SYSTEMVERILOG_FILE ../../rtl/jpeg_coefdec.sv
set_global_assignment -name SYSTEMVERILOG_FILE ../../rtl/jpeg_idct.sv
set_global_assignment -name SYSTEMVERILOG_FILE ../../rtl/jpeg_ycc2rgb.sv
set_global_assignment -name SYSTEMVERILOG_FILE ../../rtl/jpeg_pixgen.sv
set_global_assignment -name SYSTEMVERILOG_FILE ../../rtl/jpeg_raster.sv
set_global_assignment -name SYSTEMVERILOG_FILE ../../rtl/jpeg_dec_small.sv
set_global_assignment -name SYSTEMVERILOG_FILE ../../rtl/jpeg_bitwin.sv
set_global_assignment -name SYSTEMVERILOG_FILE ../../rtl/jpeg_huffdec.sv
set_global_assignment -name SYSTEMVERILOG_FILE ../../rtl/jpeg_idct_fast.sv
set_global_assignment -name SYSTEMVERILOG_FILE ../../rtl/jpeg_mcuout.sv
set_global_assignment -name SYSTEMVERILOG_FILE ../../rtl/jpeg_raster_fast.sv
set_global_assignment -name SYSTEMVERILOG_FILE ../../rtl/jpeg_dec_fast.sv
set_global_assignment -name SYSTEMVERILOG_FILE ../../rtl/jpeg_decoder.sv
set_global_assignment -name SYSTEMVERILOG_FILE ../../rtl/uart_tx.sv
set_global_assignment -name SYSTEMVERILOG_FILE ../../rtl/jpeg_rom.sv
set_global_assignment -name SYSTEMVERILOG_FILE ../../rtl/fpga_top.sv
set_global_assignment -name SDC_FILE jpeg_fpga_raster.sdc
set_parameter -name ROM_HEX "jpeg_rom.hex"
set_parameter -name ROM_LENGTH 1016
set_parameter -name ROM_ADDR_BITS 10
set_parameter -name BAUD 115200
set_parameter -name EXPECTED_CHK 1014663650
set_instance_assignment -name IO_STANDARD "3.3-V LVTTL" -to *
set_global_assignment -name LAST_QUARTUS_VERSION "13.0 SP1"
set_parameter -name RASTER_OUT 1
set_parameter -name FANCY_UPSAMPLE 1
set_parameter -name CC_TURBO 1
set_parameter -name OUT_FMT 0
set_parameter -name FAST 1
set_parameter -name ROWBUF_BYTES 32768
set_global_assignment -name OPTIMIZATION_TECHNIQUE AREA
