# This file is automatically @generated by Cargo.
# It is not intended for manual editing.
version = 3

[[package]]
name = "bench_zune"
version = "0.1.0"
dependencies = [
 "zune-jpeg",
]

[[package]]
name = "zune-core"
version = "0.4.12"
source = "registry+https://github.com/rust-lang/crates.io-index"
checksum = "3f423a2c17029964870cfaabb1f13dfab7d092a62a29a89264f4d36990ca414a"

[[package]]
name = "zune-jpeg"
version = "0.4.21"
source = "registry+https://github.com/rust-lang/crates.io-index"
checksum = "29ce2c8a9384ad323cf564b67da86e21d3cfdff87908bc1223ed5c99bc792713"
dependencies = [
 "zune-core",
]
