set_global_assignment -name FAMILY "Cyclone II"
set_global_assignment -name DEVICE EP2C5T144C8
set_global_assignment -name VERILOG_INPUT_VERSION SYSTEMVERILOG_2005
set_global_assignment -name PROJECT_OUTPUT_DIRECTORY output_files
set_global_assignment -name NUM_PARALLEL_PROCESSORS 2
set_global_assignment -name RESERVE_ALL_UNUSED_PINS "AS INPUT TRI-STATED"
set_global_assignment -name CYCLONEII_CONFIGURATION_SCHEME "ACTIVE SERIAL"
set_global_assignment -name RESERVE_ALL_UNUSED_PINS_NO_OUTPUT_GND "AS INPUT TRI-STATED"
set_global_assignment -name CYCLONEII_OPTIMIZATION_TECHNIQUE AREA
set_global_assignment -name AUTO_RESOURCE_SHARING ON
set_global_assignment -name AUTO_PACKED_REGISTERS_STRATIXII "MINIMIZE AREA WITH CHAINS"
set_global_assignment -name PHYSICAL_SYNTHESIS_COMBO_LOGIC ON
set_global_assignment -name PHYSICAL_SYNTHESIS_REGISTER_DUPLICATION ON
set_global_assignment -name PHYSICAL_SYNTHESIS_EFFORT NORMAL
set_global_assignment -name ROUTER_TIMING_OPTIMIZATION_LEVEL MAXIMUM
set_global_assignment -name TOP_LEVEL_ENTITY fpga_jtag_top
set_global_assignment -name SYSTEMVERILOG_FILE ../../../rtl/jpeg_pkg.sv
set_global_assignment -name SYSTEMVERILOG_FILE ../../../rtl/jpeg_sdp_ram.sv
set_global_assignment -name SYSTEMVERILOG_FILE ../../../rtl/jpeg_blockram.sv
set_global_assignment -name SYSTEMVERILOG_FILE ../../../rtl/jpeg_parser.sv
set_global_assignment -name SYSTEMVERILOG_FILE ../../../rtl/jpeg_bitreader.sv
set_global_assignment -name SYSTEMVERILOG_FILE ../../../rtl/jpeg_coefdec.sv
set_global_assignment -name SYSTEMVERILOG_FILE ../../../rtl/jpeg_idct.sv
set_global_assignment -name SYSTEMVERILOG_FILE ../../../rtl/jpeg_ycc2rgb.sv
set_global_assignment -name SYSTEMVERILOG_FILE ../../../rtl/jpeg_pixgen.sv
set_global_assignment -name SYSTEMVERILOG_FILE ../../../rtl/jpeg_raster.sv
set_global_assignment -name SYSTEMVERILOG_FILE ../../../rtl/jpeg_dec_small.sv
set_global_assignment -name SYSTEMVERILOG_FILE ../../../rtl/jpeg_bitwin.sv
set_global_assignment -name SYSTEMVERILOG_FILE ../../../rtl/jpeg_huffdec.sv
set_global_assignment -name SYSTEMVERILOG_FILE ../../../rtl/jpeg_idct_fast.sv
set_global_assignment -name SYSTEMVERILOG_FILE ../../../rtl/jpeg_mcuout.sv
set_global_assignment -name SYSTEMVERILOG_FILE ../../../rtl/jpeg_raster_fast.sv
set_global_assignment -name SYSTEMVERILOG_FILE ../../../rtl/jpeg_dec_fast.sv
set_global_assignment -name SYSTEMVERILOG_FILE ../../../rtl/jpeg_decoder.sv
set_global_assignment -name SYSTEMVERILOG_FILE ../rtl/jtag_stream_core.sv
set_global_assignment -name SYSTEMVERILOG_FILE ../rtl/fpga_jtag_top.sv
set_global_assignment -name SDC_FILE jpeg_fpga_jtag.sdc
set_parameter -name PLL_MUL 19
set_parameter -name PLL_DIV 10
set_location_assignment PIN_17 -to clk
set_location_assignment PIN_144 -to key_n
set_location_assignment PIN_3 -to led_n[0]
set_location_assignment PIN_7 -to led_n[1]
set_location_assignment PIN_9 -to led_n[2]

set_global_assignment -name LAST_QUARTUS_VERSION "13.0 SP1"
set_parameter -name CHECKS 1
